
Microsoft Visual Studio Solution File, Format Version 12.00
# Visual Studio Version 17
VisualStudioVersion = 17.0.31903.59
MinimumVisualStudioVersion = 10.0.40219.1
Project("{FAE04EC0-301F-11D3-BF4B-00C04F79EFBC}") = "QuickLink", "QuickLink\QuickLink.csproj", "{D0731F9E-B77F-4A4E-8CE9-86EF91DCABD5}"
EndProject
Project("{FAE04EC0-301F-11D3-BF4B-00C04F79EFBC}") = "QuickLinkTest", "QuickLinkTest\QuickLinkTest.csproj", "{2E972BE7-5D8B-497F-BDDC-CDE28EA81351}"
EndProject
Global
	GlobalSection(SolutionConfigurationPlatforms) = preSolution
		Debug|Any CPU = Debug|Any CPU
		Release|Any CPU = Release|Any CPU
	EndGlobalSection
	GlobalSection(SolutionProperties) = preSolution
		HideSolutionNode = FALSE
	EndGlobalSection
	GlobalSection(ProjectConfigurationPlatforms) = postSolution
		{D0731F9E-B77F-4A4E-8CE9-86EF91DCABD5}.Debug|Any CPU.ActiveCfg = Debug|Any CPU
		{D0731F9E-B77F-4A4E-8CE9-86EF91DCABD5}.Debug|Any CPU.Build.0 = Debug|Any CPU
		{D0731F9E-B77F-4A4E-8CE9-86EF91DCABD5}.Release|Any CPU.ActiveCfg = Release|Any CPU
		{D0731F9E-B77F-4A4E-8CE9-86EF91DCABD5}.Release|Any CPU.Build.0 = Release|Any CPU
		{2E972BE7-5D8B-497F-BDDC-CDE28EA81351}.Debug|Any CPU.ActiveCfg = Debug|Any CPU
		{2E972BE7-5D8B-497F-BDDC-CDE28EA81351}.Debug|Any CPU.Build.0 = Debug|Any CPU
		{2E972BE7-5D8B-497F-BDDC-CDE28EA81351}.Release|Any CPU.ActiveCfg = Release|Any CPU
		{2E972BE7-5D8B-497F-BDDC-CDE28EA81351}.Release|Any CPU.Build.0 = Release|Any CPU
	EndGlobalSection
EndGlobal
